
Microsoft Visual Studio Solution File, Format Version 12.00
# Visual Studio Version 17
VisualStudioVersion = 17.12.35527.113 d17.12
MinimumVisualStudioVersion = 10.0.40219.1
Project("{FAE04EC0-301F-11D3-BF4B-00C04F79EFBC}") = "Entity Framework Coreda amaliyot", "Entity Framework Coreda amaliyot.csproj", "{FDF7F9B6-36F0-4983-9B2B-8EDC5CCA7467}"
EndProject
Global
	GlobalSection(SolutionConfigurationPlatforms) = preSolution
		Debug|Any CPU = Debug|Any CPU
		Release|Any CPU = Release|Any CPU
	EndGlobalSection
	GlobalSection(ProjectConfigurationPlatforms) = postSolution
		{FDF7F9B6-36F0-4983-9B2B-8EDC5CCA7467}.Debug|Any CPU.ActiveCfg = Debug|Any CPU
		{FDF7F9B6-36F0-4983-9B2B-8EDC5CCA7467}.Debug|Any CPU.Build.0 = Debug|Any CPU
		{FDF7F9B6-36F0-4983-9B2B-8EDC5CCA7467}.Release|Any CPU.ActiveCfg = Release|Any CPU
		{FDF7F9B6-36F0-4983-9B2B-8EDC5CCA7467}.Release|Any CPU.Build.0 = Release|Any CPU
	EndGlobalSection
	GlobalSection(SolutionProperties) = preSolution
		HideSolutionNode = FALSE
	EndGlobalSection
EndGlobal
